{
    "_readme": [
        "This file locks the dependencies of your project to a known state",
        "Read more about it at https://getcomposer.org/doc/01-basic-usage.md#composer-lock-the-lock-file",
        "This file is @generated automatically"
    ],
    "hash": "f35695270e38a222961ebdd9e1de137b",
    "content-hash": "b79b4768bf1c83025214759271c02cc6",
    "packages": [
        {
            "name": "ircmaxell/php-cfg",
            "version": "dev-master",
            "source": {
                "type": "git",
                "url": "https://github.com/mwijngaard/php-cfg.git",
                "reference": "bda3dc3486ed67fb3bcd5e325504b3829a03cf2d"
            },
            "require": {
                "nikic/php-parser": "^2.0",
                "php": ">=5.5",
                "phpdocumentor/graphviz": "^1.0.4"
            },
            "require-dev": {
                "fabpot/php-cs-fixer": "1.*",
                "phpunit/phpunit": "^4.7"
            },
            "type": "library",
            "autoload": {
                "psr-4": {
                    "PHPCfg\\": "lib/PHPCfg/"
                }
            },
            "license": [
                "BSD"
            ],
            "authors": [
                {
                    "name": "Anthony Ferrara",
                    "email": "ircmaxell@gmail.com"
                }
            ],
            "description": "A Control Flow Graph implementation for PHP",
            "time": "2016-06-13 12:37:01"
        },
        {
            "name": "ircmaxell/php-types",
            "version": "dev-master",
            "source": {
                "type": "git",
                "url": "https://github.com/mwijngaard/php-types",
                "reference": "47866218db304222628eeb904c60d14fdda79576"
            },
            "require": {
                "ircmaxell/php-cfg": "dev-master",
                "php": ">=5.5"
            },
            "require-dev": {
                "fabpot/php-cs-fixer": "1.*",
                "phpunit/phpunit": "^4.7"
            },
            "type": "library",
            "autoload": {
                "psr-4": {
                    "PHPTypes\\": "lib/PHPTypes/"
                }
            },
            "license": [
                "MIT"
            ],
            "authors": [
                {
                    "name": "Anthony Ferrara",
                    "email": "ircmaxell@gmail.com"
                }
            ],
            "description": "A PHP CFG Type Inference / Reconstruction Engine",
            "time": "2016-07-23 15:51:32"
        },
        {
            "name": "mwijngaard/php-pdg",
            "version": "dev-master",
            "source": {
                "type": "git",
                "url": "https://github.com/mwijngaard/php-pdg",
                "reference": "237f3abf4429cb1255c00aad832d5d64d7ee5a48"
            },
            "require": {
                "ircmaxell/php-cfg": "dev-master",
                "ircmaxell/php-types": "dev-master",
                "nikic/php-parser": "^2.0",
                "php": ">=5.5"
            },
            "require-dev": {
                "phpunit/phpunit": "^5.2"
            },
            "type": "library",
            "autoload": {
                "psr-4": {
                    "PhpPdg\\": "src/PhpPdg/"
                }
            },
            "license": [
                "MIT"
            ],
            "authors": [
                {
                    "name": "Merijn Wijngaard",
                    "email": "mwijngaard@gmail.com"
                }
            ],
            "description": "Program Dependence Graph (PDG) library for PHP",
            "time": "2016-07-24 14:53:38"
        },
        {
            "name": "nikic/php-parser",
            "version": "v2.1.0",
            "source": {
                "type": "git",
                "url": "https://github.com/nikic/PHP-Parser.git",
                "reference": "47b254ea51f1d6d5dc04b9b299e88346bf2369e3"
            },
            "dist": {
                "type": "zip",
                "url": "https://api.github.com/repos/nikic/PHP-Parser/zipball/47b254ea51f1d6d5dc04b9b299e88346bf2369e3",
                "reference": "47b254ea51f1d6d5dc04b9b299e88346bf2369e3",
                "shasum": ""
            },
            "require": {
                "ext-tokenizer": "*",
                "php": ">=5.4"
            },
            "require-dev": {
                "phpunit/phpunit": "~4.0"
            },
            "bin": [
                "bin/php-parse"
            ],
            "type": "library",
            "extra": {
                "branch-alias": {
                    "dev-master": "2.1-dev"
                }
            },
            "autoload": {
                "psr-4": {
                    "PhpParser\\": "lib/PhpParser"
                }
            },
            "notification-url": "https://packagist.org/downloads/",
            "license": [
                "BSD-3-Clause"
            ],
            "authors": [
                {
                    "name": "Nikita Popov"
                }
            ],
            "description": "A PHP parser written in PHP",
            "keywords": [
                "parser",
                "php"
            ],
            "time": "2016-04-19 13:41:41"
        },
        {
            "name": "phpdocumentor/graphviz",
            "version": "1.0.4",
            "source": {
                "type": "git",
                "url": "https://github.com/phpDocumentor/GraphViz.git",
                "reference": "a906a90a9f230535f25ea31caf81b2323956283f"
            },
            "dist": {
                "type": "zip",
                "url": "https://api.github.com/repos/phpDocumentor/GraphViz/zipball/a906a90a9f230535f25ea31caf81b2323956283f",
                "reference": "a906a90a9f230535f25ea31caf81b2323956283f",
                "shasum": ""
            },
            "require": {
                "php": ">=5.3.3"
            },
            "require-dev": {
                "phpunit/phpunit": "~4.0"
            },
            "type": "library",
            "autoload": {
                "psr-0": {
                    "phpDocumentor": [
                        "src/",
                        "tests/unit"
                    ]
                }
            },
            "notification-url": "https://packagist.org/downloads/",
            "license": [
                "MIT"
            ],
            "authors": [
                {
                    "name": "Mike van Riel",
                    "email": "mike.vanriel@naenius.com"
                }
            ],
            "time": "2016-02-02 13:00:08"
        },
        {
            "name": "symfony/console",
            "version": "v3.1.2",
            "source": {
                "type": "git",
                "url": "https://github.com/symfony/console.git",
                "reference": "747154aa69b0f83cd02fc9aa554836dee417631a"
            },
            "dist": {
                "type": "zip",
                "url": "https://api.github.com/repos/symfony/console/zipball/747154aa69b0f83cd02fc9aa554836dee417631a",
                "reference": "747154aa69b0f83cd02fc9aa554836dee417631a",
                "shasum": ""
            },
            "require": {
                "php": ">=5.5.9",
                "symfony/polyfill-mbstring": "~1.0"
            },
            "require-dev": {
                "psr/log": "~1.0",
                "symfony/event-dispatcher": "~2.8|~3.0",
                "symfony/process": "~2.8|~3.0"
            },
            "suggest": {
                "psr/log": "For using the console logger",
                "symfony/event-dispatcher": "",
                "symfony/process": ""
            },
            "type": "library",
            "extra": {
                "branch-alias": {
                    "dev-master": "3.1-dev"
                }
            },
            "autoload": {
                "psr-4": {
                    "Symfony\\Component\\Console\\": ""
                },
                "exclude-from-classmap": [
                    "/Tests/"
                ]
            },
            "notification-url": "https://packagist.org/downloads/",
            "license": [
                "MIT"
            ],
            "authors": [
                {
                    "name": "Fabien Potencier",
                    "email": "fabien@symfony.com"
                },
                {
                    "name": "Symfony Community",
                    "homepage": "https://symfony.com/contributors"
                }
            ],
            "description": "Symfony Console Component",
            "homepage": "https://symfony.com",
            "time": "2016-06-29 07:02:31"
        },
        {
            "name": "symfony/polyfill-mbstring",
            "version": "v1.2.0",
            "source": {
                "type": "git",
                "url": "https://github.com/symfony/polyfill-mbstring.git",
                "reference": "dff51f72b0706335131b00a7f49606168c582594"
            },
            "dist": {
                "type": "zip",
                "url": "https://api.github.com/repos/symfony/polyfill-mbstring/zipball/dff51f72b0706335131b00a7f49606168c582594",
                "reference": "dff51f72b0706335131b00a7f49606168c582594",
                "shasum": ""
            },
            "require": {
                "php": ">=5.3.3"
            },
            "suggest": {
                "ext-mbstring": "For best performance"
            },
            "type": "library",
            "extra": {
                "branch-alias": {
                    "dev-master": "1.2-dev"
                }
            },
            "autoload": {
                "psr-4": {
                    "Symfony\\Polyfill\\Mbstring\\": ""
                },
                "files": [
                    "bootstrap.php"
                ]
            },
            "notification-url": "https://packagist.org/downloads/",
            "license": [
                "MIT"
            ],
            "authors": [
                {
                    "name": "Nicolas Grekas",
                    "email": "p@tchwork.com"
                },
                {
                    "name": "Symfony Community",
                    "homepage": "https://symfony.com/contributors"
                }
            ],
            "description": "Symfony polyfill for the Mbstring extension",
            "homepage": "https://symfony.com",
            "keywords": [
                "compatibility",
                "mbstring",
                "polyfill",
                "portable",
                "shim"
            ],
            "time": "2016-05-18 14:26:46"
        }
    ],
    "packages-dev": [],
    "aliases": [],
    "minimum-stability": "stable",
    "stability-flags": {
        "ircmaxell/php-cfg": 20,
        "ircmaxell/php-types": 20,
        "mwijngaard/php-pdg": 20
    },
    "prefer-stable": false,
    "prefer-lowest": false,
    "platform": {
        "php": ">=5.5"
    },
    "platform-dev": []
}
